
Microsoft Visual Studio Solution File, Format Version 12.00
# Visual Studio 15
VisualStudioVersion = 15.0.27130.2027
MinimumVisualStudioVersion = 10.0.40219.1
Project("{9A19103F-16F7-4668-BE54-9A1E7A4F7556}") = "01.RhombusОfStars", "01.RhombusОfStars\01.RhombusОfStars.csproj", "{A8B661E6-F60B-48C7-9DB6-A2D52407F350}"
EndProject
Project("{9A19103F-16F7-4668-BE54-9A1E7A4F7556}") = "02.PointInRectangle", "02.PointInRectangle\02.PointInRectangle.csproj", "{779C3558-9EE8-44BA-BE2F-7B30D1EF2300}"
EndProject
Project("{9A19103F-16F7-4668-BE54-9A1E7A4F7556}") = "03.StudentSystem", "03.StudentSystem\03.StudentSystem.csproj", "{68CCBB88-FB7F-4F28-9F5D-E4071E79D983}"
EndProject
Project("{FAE04EC0-301F-11D3-BF4B-00C04F79EFBC}") = "04.HotelReservation", "04.HotelReservation\04.HotelReservation.csproj", "{9979F649-C9C1-45ED-94BB-02C863D77E27}"
EndProject
Global
	GlobalSection(SolutionConfigurationPlatforms) = preSolution
		Debug|Any CPU = Debug|Any CPU
		Release|Any CPU = Release|Any CPU
	EndGlobalSection
	GlobalSection(ProjectConfigurationPlatforms) = postSolution
		{A8B661E6-F60B-48C7-9DB6-A2D52407F350}.Debug|Any CPU.ActiveCfg = Debug|Any CPU
		{A8B661E6-F60B-48C7-9DB6-A2D52407F350}.Debug|Any CPU.Build.0 = Debug|Any CPU
		{A8B661E6-F60B-48C7-9DB6-A2D52407F350}.Release|Any CPU.ActiveCfg = Release|Any CPU
		{A8B661E6-F60B-48C7-9DB6-A2D52407F350}.Release|Any CPU.Build.0 = Release|Any CPU
		{779C3558-9EE8-44BA-BE2F-7B30D1EF2300}.Debug|Any CPU.ActiveCfg = Debug|Any CPU
		{779C3558-9EE8-44BA-BE2F-7B30D1EF2300}.Debug|Any CPU.Build.0 = Debug|Any CPU
		{779C3558-9EE8-44BA-BE2F-7B30D1EF2300}.Release|Any CPU.ActiveCfg = Release|Any CPU
		{779C3558-9EE8-44BA-BE2F-7B30D1EF2300}.Release|Any CPU.Build.0 = Release|Any CPU
		{68CCBB88-FB7F-4F28-9F5D-E4071E79D983}.Debug|Any CPU.ActiveCfg = Debug|Any CPU
		{68CCBB88-FB7F-4F28-9F5D-E4071E79D983}.Debug|Any CPU.Build.0 = Debug|Any CPU
		{68CCBB88-FB7F-4F28-9F5D-E4071E79D983}.Release|Any CPU.ActiveCfg = Release|Any CPU
		{68CCBB88-FB7F-4F28-9F5D-E4071E79D983}.Release|Any CPU.Build.0 = Release|Any CPU
		{9979F649-C9C1-45ED-94BB-02C863D77E27}.Debug|Any CPU.ActiveCfg = Debug|Any CPU
		{9979F649-C9C1-45ED-94BB-02C863D77E27}.Debug|Any CPU.Build.0 = Debug|Any CPU
		{9979F649-C9C1-45ED-94BB-02C863D77E27}.Release|Any CPU.ActiveCfg = Release|Any CPU
		{9979F649-C9C1-45ED-94BB-02C863D77E27}.Release|Any CPU.Build.0 = Release|Any CPU
	EndGlobalSection
	GlobalSection(SolutionProperties) = preSolution
		HideSolutionNode = FALSE
	EndGlobalSection
	GlobalSection(ExtensibilityGlobals) = postSolution
		SolutionGuid = {64E3611F-167B-445E-B096-C56315B72D6F}
	EndGlobalSection
EndGlobal
