
Microsoft Visual Studio Solution File, Format Version 12.00
# Visual Studio 15
VisualStudioVersion = 15.0.27130.2027
MinimumVisualStudioVersion = 10.0.40219.1
Project("{9A19103F-16F7-4668-BE54-9A1E7A4F7556}") = "05.PizzaCalories", "05.PizzaCalories.csproj", "{A8D5F62E-7CB4-46F6-8211-92F089ABD0DC}"
EndProject
Global
	GlobalSection(SolutionConfigurationPlatforms) = preSolution
		Debug|Any CPU = Debug|Any CPU
		Release|Any CPU = Release|Any CPU
	EndGlobalSection
	GlobalSection(ProjectConfigurationPlatforms) = postSolution
		{A8D5F62E-7CB4-46F6-8211-92F089ABD0DC}.Debug|Any CPU.ActiveCfg = Debug|Any CPU
		{A8D5F62E-7CB4-46F6-8211-92F089ABD0DC}.Debug|Any CPU.Build.0 = Debug|Any CPU
		{A8D5F62E-7CB4-46F6-8211-92F089ABD0DC}.Release|Any CPU.ActiveCfg = Release|Any CPU
		{A8D5F62E-7CB4-46F6-8211-92F089ABD0DC}.Release|Any CPU.Build.0 = Release|Any CPU
	EndGlobalSection
	GlobalSection(SolutionProperties) = preSolution
		HideSolutionNode = FALSE
	EndGlobalSection
	GlobalSection(ExtensibilityGlobals) = postSolution
		SolutionGuid = {0CCBA282-541A-49DA-8548-51DA5D13BA21}
	EndGlobalSection
EndGlobal
