
Microsoft Visual Studio Solution File, Format Version 12.00
# Visual Studio 15
VisualStudioVersion = 15.0.27130.2027
MinimumVisualStudioVersion = 10.0.40219.1
Project("{FAE04EC0-301F-11D3-BF4B-00C04F79EFBC}") = "GrandPrix", "StartUp\GrandPrix.csproj", "{FC403E4D-BD9E-4651-BD36-5B3503F4446C}"
EndProject
Global
	GlobalSection(SolutionConfigurationPlatforms) = preSolution
		Debug|Any CPU = Debug|Any CPU
		Release|Any CPU = Release|Any CPU
	EndGlobalSection
	GlobalSection(ProjectConfigurationPlatforms) = postSolution
		{FC403E4D-BD9E-4651-BD36-5B3503F4446C}.Debug|Any CPU.ActiveCfg = Debug|Any CPU
		{FC403E4D-BD9E-4651-BD36-5B3503F4446C}.Debug|Any CPU.Build.0 = Debug|Any CPU
		{FC403E4D-BD9E-4651-BD36-5B3503F4446C}.Release|Any CPU.ActiveCfg = Release|Any CPU
		{FC403E4D-BD9E-4651-BD36-5B3503F4446C}.Release|Any CPU.Build.0 = Release|Any CPU
	EndGlobalSection
	GlobalSection(SolutionProperties) = preSolution
		HideSolutionNode = FALSE
	EndGlobalSection
	GlobalSection(ExtensibilityGlobals) = postSolution
		SolutionGuid = {C3A52E68-3976-4E4A-AB33-C95944F17FD6}
	EndGlobalSection
EndGlobal
