
Microsoft Visual Studio Solution File, Format Version 12.00
# Visual Studio 15
VisualStudioVersion = 15.0.27130.2027
MinimumVisualStudioVersion = 10.0.40219.1
Project("{9A19103F-16F7-4668-BE54-9A1E7A4F7556}") = "02.VehiclesExtension", "02.VehiclesExtension\02.VehiclesExtension.csproj", "{2C0065E0-E170-4F1E-AA86-06FECA447F3A}"
EndProject
Project("{9A19103F-16F7-4668-BE54-9A1E7A4F7556}") = "03.WildFarm", "03.WildFarm\03.WildFarm.csproj", "{3E9E203E-D44A-4C9A-B3AB-E45803E41789}"
EndProject
Project("{9A19103F-16F7-4668-BE54-9A1E7A4F7556}") = "01.Vehicles", "01.Vehicles\01.Vehicles.csproj", "{E61D0765-75FF-42FF-A638-2C9A1FD4199F}"
EndProject
Global
	GlobalSection(SolutionConfigurationPlatforms) = preSolution
		Debug|Any CPU = Debug|Any CPU
		Release|Any CPU = Release|Any CPU
	EndGlobalSection
	GlobalSection(ProjectConfigurationPlatforms) = postSolution
		{2C0065E0-E170-4F1E-AA86-06FECA447F3A}.Debug|Any CPU.ActiveCfg = Debug|Any CPU
		{2C0065E0-E170-4F1E-AA86-06FECA447F3A}.Debug|Any CPU.Build.0 = Debug|Any CPU
		{2C0065E0-E170-4F1E-AA86-06FECA447F3A}.Release|Any CPU.ActiveCfg = Release|Any CPU
		{2C0065E0-E170-4F1E-AA86-06FECA447F3A}.Release|Any CPU.Build.0 = Release|Any CPU
		{3E9E203E-D44A-4C9A-B3AB-E45803E41789}.Debug|Any CPU.ActiveCfg = Debug|Any CPU
		{3E9E203E-D44A-4C9A-B3AB-E45803E41789}.Debug|Any CPU.Build.0 = Debug|Any CPU
		{3E9E203E-D44A-4C9A-B3AB-E45803E41789}.Release|Any CPU.ActiveCfg = Release|Any CPU
		{3E9E203E-D44A-4C9A-B3AB-E45803E41789}.Release|Any CPU.Build.0 = Release|Any CPU
		{E61D0765-75FF-42FF-A638-2C9A1FD4199F}.Debug|Any CPU.ActiveCfg = Debug|Any CPU
		{E61D0765-75FF-42FF-A638-2C9A1FD4199F}.Debug|Any CPU.Build.0 = Debug|Any CPU
		{E61D0765-75FF-42FF-A638-2C9A1FD4199F}.Release|Any CPU.ActiveCfg = Release|Any CPU
		{E61D0765-75FF-42FF-A638-2C9A1FD4199F}.Release|Any CPU.Build.0 = Release|Any CPU
	EndGlobalSection
	GlobalSection(SolutionProperties) = preSolution
		HideSolutionNode = FALSE
	EndGlobalSection
	GlobalSection(ExtensibilityGlobals) = postSolution
		SolutionGuid = {C788F1C9-CD37-42A5-BC1E-6349D2E1EB8A}
	EndGlobalSection
EndGlobal
